
Microsoft Visual Studio Solution File, Format Version 12.00
# Visual Studio Version 17
VisualStudioVersion = 17.13.35825.156 d17.13
MinimumVisualStudioVersion = 10.0.40219.1
Project("{FAE04EC0-301F-11D3-BF4B-00C04F79EFBC}") = "CA5", "CA5.csproj", "{3F999D9D-429C-470E-AAF4-4570AC17729E}"
EndProject
Project("{FAE04EC0-301F-11D3-BF4B-00C04F79EFBC}") = "TestAVL", "..\TestAVL\TestAVL.csproj", "{5A885300-76D0-4685-81AD-7C1912D7F616}"
EndProject
Global
	GlobalSection(SolutionConfigurationPlatforms) = preSolution
		Debug|Any CPU = Debug|Any CPU
		Release|Any CPU = Release|Any CPU
	EndGlobalSection
	GlobalSection(ProjectConfigurationPlatforms) = postSolution
		{3F999D9D-429C-470E-AAF4-4570AC17729E}.Debug|Any CPU.ActiveCfg = Debug|Any CPU
		{3F999D9D-429C-470E-AAF4-4570AC17729E}.Debug|Any CPU.Build.0 = Debug|Any CPU
		{3F999D9D-429C-470E-AAF4-4570AC17729E}.Release|Any CPU.ActiveCfg = Release|Any CPU
		{3F999D9D-429C-470E-AAF4-4570AC17729E}.Release|Any CPU.Build.0 = Release|Any CPU
		{5A885300-76D0-4685-81AD-7C1912D7F616}.Debug|Any CPU.ActiveCfg = Debug|Any CPU
		{5A885300-76D0-4685-81AD-7C1912D7F616}.Debug|Any CPU.Build.0 = Debug|Any CPU
		{5A885300-76D0-4685-81AD-7C1912D7F616}.Release|Any CPU.ActiveCfg = Release|Any CPU
		{5A885300-76D0-4685-81AD-7C1912D7F616}.Release|Any CPU.Build.0 = Release|Any CPU
	EndGlobalSection
	GlobalSection(SolutionProperties) = preSolution
		HideSolutionNode = FALSE
	EndGlobalSection
	GlobalSection(ExtensibilityGlobals) = postSolution
		SolutionGuid = {BC29E732-0AB7-4A2E-A2A3-38783E6EA42B}
	EndGlobalSection
EndGlobal
